
Microsoft Visual Studio Solution File, Format Version 12.00
# Visual Studio 15
VisualStudioVersion = 15.0.28010.2036
MinimumVisualStudioVersion = 10.0.40219.1
Project("{FAE04EC0-301F-11D3-BF4B-00C04F79EFBC}") = "prueba1000", "prueba1000\prueba1000.csproj", "{71B00DAB-F336-41F6-8AFA-3159365ED945}"
EndProject
Global
	GlobalSection(SolutionConfigurationPlatforms) = preSolution
		Debug|Any CPU = Debug|Any CPU
		Release|Any CPU = Release|Any CPU
	EndGlobalSection
	GlobalSection(ProjectConfigurationPlatforms) = postSolution
		{71B00DAB-F336-41F6-8AFA-3159365ED945}.Debug|Any CPU.ActiveCfg = Debug|Any CPU
		{71B00DAB-F336-41F6-8AFA-3159365ED945}.Debug|Any CPU.Build.0 = Debug|Any CPU
		{71B00DAB-F336-41F6-8AFA-3159365ED945}.Release|Any CPU.ActiveCfg = Release|Any CPU
		{71B00DAB-F336-41F6-8AFA-3159365ED945}.Release|Any CPU.Build.0 = Release|Any CPU
	EndGlobalSection
	GlobalSection(SolutionProperties) = preSolution
		HideSolutionNode = FALSE
	EndGlobalSection
	GlobalSection(ExtensibilityGlobals) = postSolution
		SolutionGuid = {4BF2FFDC-F218-43FF-A00B-06F610A13FBD}
	EndGlobalSection
EndGlobal
